
Microsoft Visual Studio Solution File, Format Version 12.00
Project("{FAE04EC0-301F-11D3-BF4B-00C04F79EFBC}") = "PersonalWebsite", "PersonalWebsite\PersonalWebsite.csproj", "{37F3657A-DE2B-4B73-BD67-FC692839BB58}"
EndProject
Global
	GlobalSection(SolutionConfigurationPlatforms) = preSolution
		Debug|Any CPU = Debug|Any CPU
		Release|Any CPU = Release|Any CPU
	EndGlobalSection
	GlobalSection(ProjectConfigurationPlatforms) = postSolution
		{37F3657A-DE2B-4B73-BD67-FC692839BB58}.Debug|Any CPU.ActiveCfg = Debug|Any CPU
		{37F3657A-DE2B-4B73-BD67-FC692839BB58}.Debug|Any CPU.Build.0 = Debug|Any CPU
		{37F3657A-DE2B-4B73-BD67-FC692839BB58}.Release|Any CPU.ActiveCfg = Release|Any CPU
		{37F3657A-DE2B-4B73-BD67-FC692839BB58}.Release|Any CPU.Build.0 = Release|Any CPU
	EndGlobalSection
EndGlobal
